
Microsoft Visual Studio Solution File, Format Version 11.00
# Visual Studio 2010
Project("{8BC9CEB8-8B4A-11D0-8D11-00A0C91BC942}") = "AnimationFilms", "AnimationFilms\Project\AnimationFilms.vcxproj", "{7991D3BA-5EED-4718-86E4-108BEF4DAC01}"
EndProject
Project("{8BC9CEB8-8B4A-11D0-8D11-00A0C91BC942}") = "Arcanoid", "Arcanoid\Project\Arcanoid.vcxproj", "{C46FBFBE-1EDF-4EB3-A6A2-84C302C65643}"
EndProject
Project("{8BC9CEB8-8B4A-11D0-8D11-00A0C91BC942}") = "Common", "Common\Project\Common.vcxproj", "{3B2CEACD-BBAD-40D0-A2E1-908F8C3C19FF}"
EndProject
Project("{8BC9CEB8-8B4A-11D0-8D11-00A0C91BC942}") = "Graphics", "Graphics\Project\Graphics.vcxproj", "{AB97171C-6BD2-4F4B-916B-6EFE419F67ED}"
EndProject
Project("{8BC9CEB8-8B4A-11D0-8D11-00A0C91BC942}") = "Animations", "Animations\Project\Animations.vcxproj", "{B36FA22C-0C66-40C5-967E-2368BFB1FBE6}"
EndProject
Global
	GlobalSection(SolutionConfigurationPlatforms) = preSolution
		Debug|Win32 = Debug|Win32
		Release|Win32 = Release|Win32
	EndGlobalSection
	GlobalSection(ProjectConfigurationPlatforms) = postSolution
		{7991D3BA-5EED-4718-86E4-108BEF4DAC01}.Debug|Win32.ActiveCfg = Debug|Win32
		{7991D3BA-5EED-4718-86E4-108BEF4DAC01}.Debug|Win32.Build.0 = Debug|Win32
		{7991D3BA-5EED-4718-86E4-108BEF4DAC01}.Release|Win32.ActiveCfg = Release|Win32
		{7991D3BA-5EED-4718-86E4-108BEF4DAC01}.Release|Win32.Build.0 = Release|Win32
		{C46FBFBE-1EDF-4EB3-A6A2-84C302C65643}.Debug|Win32.ActiveCfg = Debug|Win32
		{C46FBFBE-1EDF-4EB3-A6A2-84C302C65643}.Debug|Win32.Build.0 = Debug|Win32
		{C46FBFBE-1EDF-4EB3-A6A2-84C302C65643}.Release|Win32.ActiveCfg = Release|Win32
		{C46FBFBE-1EDF-4EB3-A6A2-84C302C65643}.Release|Win32.Build.0 = Release|Win32
		{3B2CEACD-BBAD-40D0-A2E1-908F8C3C19FF}.Debug|Win32.ActiveCfg = Debug|Win32
		{3B2CEACD-BBAD-40D0-A2E1-908F8C3C19FF}.Debug|Win32.Build.0 = Debug|Win32
		{3B2CEACD-BBAD-40D0-A2E1-908F8C3C19FF}.Release|Win32.ActiveCfg = Release|Win32
		{3B2CEACD-BBAD-40D0-A2E1-908F8C3C19FF}.Release|Win32.Build.0 = Release|Win32
		{AB97171C-6BD2-4F4B-916B-6EFE419F67ED}.Debug|Win32.ActiveCfg = Debug|Win32
		{AB97171C-6BD2-4F4B-916B-6EFE419F67ED}.Debug|Win32.Build.0 = Debug|Win32
		{AB97171C-6BD2-4F4B-916B-6EFE419F67ED}.Release|Win32.ActiveCfg = Release|Win32
		{AB97171C-6BD2-4F4B-916B-6EFE419F67ED}.Release|Win32.Build.0 = Release|Win32
		{B36FA22C-0C66-40C5-967E-2368BFB1FBE6}.Debug|Win32.ActiveCfg = Debug|Win32
		{B36FA22C-0C66-40C5-967E-2368BFB1FBE6}.Debug|Win32.Build.0 = Debug|Win32
		{B36FA22C-0C66-40C5-967E-2368BFB1FBE6}.Release|Win32.ActiveCfg = Release|Win32
		{B36FA22C-0C66-40C5-967E-2368BFB1FBE6}.Release|Win32.Build.0 = Release|Win32
	EndGlobalSection
	GlobalSection(SolutionProperties) = preSolution
		HideSolutionNode = FALSE
	EndGlobalSection
EndGlobal
