<?xml version="1.0" encoding="utf-8"?>
<Project ToolsVersion="4.0" xmlns="http://schemas.microsoft.com/developer/msbuild/2003">
  <ItemGroup>
    <Filter Include="Source Files">
      <UniqueIdentifier>{4FC737F1-C7A5-4376-A066-2A32D752A2FF}</UniqueIdentifier>
      <Extensions>cpp;c;cc;cxx;def;odl;idl;hpj;bat;asm;asmx</Extensions>
    </Filter>
    <Filter Include="Header Files">
      <UniqueIdentifier>{93995380-89BD-4b04-88EB-625FBE52EBFB}</UniqueIdentifier>
      <Extensions>h;hpp;hxx;hm;inl;inc;xsd</Extensions>
    </Filter>
    <Filter Include="Resource Files">
      <UniqueIdentifier>{67DA6AB6-F800-4c08-8B7A-83BB121AAD01}</UniqueIdentifier>
      <Extensions>rc;ico;cur;bmp;dlg;rc2;rct;bin;rgs;gif;jpg;jpeg;jpe;resx;tiff;tif;png;wav;mfcribbon-ms</Extensions>
    </Filter>
    <Filter Include="Header Files\Character">
      <UniqueIdentifier>{10394260-1808-44d3-8ed0-bc94002010e3}</UniqueIdentifier>
    </Filter>
    <Filter Include="Source Files\Character">
      <UniqueIdentifier>{94d21327-1fa7-4cac-b2ac-9fe012c304ca}</UniqueIdentifier>
    </Filter>
    <Filter Include="Header Files\Character\Brick">
      <UniqueIdentifier>{493e79b6-50b6-41b8-9c6a-c85967b1081c}</UniqueIdentifier>
    </Filter>
    <Filter Include="Source Files\Character\Brick">
      <UniqueIdentifier>{a83250cf-e19f-4576-a02a-c191e512da62}</UniqueIdentifier>
    </Filter>
  </ItemGroup>
  <ItemGroup>
    <ClCompile Include="..\Src\main.cpp">
      <Filter>Source Files</Filter>
    </ClCompile>
    <ClCompile Include="..\Src\Arcanoid.cpp">
      <Filter>Source Files</Filter>
    </ClCompile>
    <ClCompile Include="..\Src\Brick.cpp">
      <Filter>Source Files\Character\Brick</Filter>
    </ClCompile>
    <ClCompile Include="..\Src\BrickHolder.cpp">
      <Filter>Source Files\Character\Brick</Filter>
    </ClCompile>
    <ClCompile Include="..\Src\TerrainLoader.cpp">
      <Filter>Source Files</Filter>
    </ClCompile>
  </ItemGroup>
  <ItemGroup>
    <ClInclude Include="..\Include\Arcanoid.h">
      <Filter>Header Files</Filter>
    </ClInclude>
    <ClInclude Include="..\Include\Ball.h">
      <Filter>Header Files\Character</Filter>
    </ClInclude>
    <ClInclude Include="..\Include\Board.h">
      <Filter>Header Files\Character</Filter>
    </ClInclude>
    <ClInclude Include="..\Include\Nain.h">
      <Filter>Header Files\Character</Filter>
    </ClInclude>
    <ClInclude Include="..\Include\Brick.h">
      <Filter>Header Files\Character\Brick</Filter>
    </ClInclude>
    <ClInclude Include="..\Include\BrickHolder.h">
      <Filter>Header Files\Character\Brick</Filter>
    </ClInclude>
    <ClInclude Include="..\Include\TerrainLoader.h">
      <Filter>Header Files</Filter>
    </ClInclude>
  </ItemGroup>
</Project>